
Microsoft Visual Studio Solution File, Format Version 12.00
# Visual Studio 15
VisualStudioVersion = 15.0.28307.168
MinimumVisualStudioVersion = 10.0.40219.1
Project("{FAE04EC0-301F-11D3-BF4B-00C04F79EFBC}") = "OOPLab2", "OOPLab2\OOPLab2.csproj", "{DE2EA3B1-291A-48E8-857D-4EA24DFB8563}"
EndProject
Project("{FAE04EC0-301F-11D3-BF4B-00C04F79EFBC}") = "OOPLab2.Tests", "OOPLab2Tests\OOPLab2.Tests.csproj", "{8002F271-C042-44C0-82CA-FB0DF1956DAD}"
EndProject
Global
	GlobalSection(SolutionConfigurationPlatforms) = preSolution
		Debug|Any CPU = Debug|Any CPU
		Release|Any CPU = Release|Any CPU
	EndGlobalSection
	GlobalSection(ProjectConfigurationPlatforms) = postSolution
		{DE2EA3B1-291A-48E8-857D-4EA24DFB8563}.Debug|Any CPU.ActiveCfg = Debug|Any CPU
		{DE2EA3B1-291A-48E8-857D-4EA24DFB8563}.Debug|Any CPU.Build.0 = Debug|Any CPU
		{DE2EA3B1-291A-48E8-857D-4EA24DFB8563}.Release|Any CPU.ActiveCfg = Release|Any CPU
		{DE2EA3B1-291A-48E8-857D-4EA24DFB8563}.Release|Any CPU.Build.0 = Release|Any CPU
		{8002F271-C042-44C0-82CA-FB0DF1956DAD}.Debug|Any CPU.ActiveCfg = Debug|Any CPU
		{8002F271-C042-44C0-82CA-FB0DF1956DAD}.Debug|Any CPU.Build.0 = Debug|Any CPU
		{8002F271-C042-44C0-82CA-FB0DF1956DAD}.Release|Any CPU.ActiveCfg = Release|Any CPU
		{8002F271-C042-44C0-82CA-FB0DF1956DAD}.Release|Any CPU.Build.0 = Release|Any CPU
	EndGlobalSection
	GlobalSection(SolutionProperties) = preSolution
		HideSolutionNode = FALSE
	EndGlobalSection
	GlobalSection(ExtensibilityGlobals) = postSolution
		SolutionGuid = {537D102F-D695-470A-931D-90D74BB53950}
	EndGlobalSection
EndGlobal
